
Microsoft Visual Studio Solution File, Format Version 12.00
# Visual Studio Version 16
VisualStudioVersion = 16.0.32228.343
MinimumVisualStudioVersion = 10.0.40219.1
Project("{FAE04EC0-301F-11D3-BF4B-00C04F79EFBC}") = "AgricDataC", "AgricDataC\AgricDataC.csproj", "{3A3DBD26-7C00-4BAF-8A3F-8AA498D10C81}"
EndProject
Global
	GlobalSection(SolutionConfigurationPlatforms) = preSolution
		Debug|Any CPU = Debug|Any CPU
		Release|Any CPU = Release|Any CPU
	EndGlobalSection
	GlobalSection(ProjectConfigurationPlatforms) = postSolution
		{3A3DBD26-7C00-4BAF-8A3F-8AA498D10C81}.Debug|Any CPU.ActiveCfg = Debug|Any CPU
		{3A3DBD26-7C00-4BAF-8A3F-8AA498D10C81}.Debug|Any CPU.Build.0 = Debug|Any CPU
		{3A3DBD26-7C00-4BAF-8A3F-8AA498D10C81}.Release|Any CPU.ActiveCfg = Release|Any CPU
		{3A3DBD26-7C00-4BAF-8A3F-8AA498D10C81}.Release|Any CPU.Build.0 = Release|Any CPU
	EndGlobalSection
	GlobalSection(SolutionProperties) = preSolution
		HideSolutionNode = FALSE
	EndGlobalSection
	GlobalSection(ExtensibilityGlobals) = postSolution
		SolutionGuid = {02378163-2A00-4E12-A7C0-9921E1533E3F}
	EndGlobalSection
EndGlobal
